
Microsoft Visual Studio Solution File, Format Version 12.00
# Visual Studio Version 17
VisualStudioVersion = 17.4.33205.214
MinimumVisualStudioVersion = 10.0.40219.1
Project("{2150E333-8FDC-42A3-9474-1A3956D46DE8}") = "Solution Items", "Solution Items", "{2AB01BAF-36C5-437C-B8CF-C80B4EF9B8B3}"
	ProjectSection(SolutionItems) = preProject
		src\docker-compose.override.yml = src\docker-compose.override.yml
		src\docker-compose.yml = src\docker-compose.yml
		global.json = global.json
		README.md = README.md
	EndProjectSection
EndProject
Project("{2150E333-8FDC-42A3-9474-1A3956D46DE8}") = "src", "src", "{2E9EC632-D552-4BCB-A429-0411CBEF2392}"
EndProject
Project("{2150E333-8FDC-42A3-9474-1A3956D46DE8}") = "test", "test", "{03282D37-9F69-458A-8BFC-B8BB35287C57}"
EndProject
Project("{2150E333-8FDC-42A3-9474-1A3956D46DE8}") = "ApiGateways", "ApiGateways", "{44122EA4-FC44-406E-AAC3-1B24FB9F3826}"
EndProject
Project("{2150E333-8FDC-42A3-9474-1A3956D46DE8}") = "BuildingBlocks", "BuildingBlocks", "{E57BBEE7-174E-471E-B348-54EA40B21641}"
EndProject
Project("{2150E333-8FDC-42A3-9474-1A3956D46DE8}") = "Services", "Services", "{F09F2AA4-4022-4221-A19A-187C16DAA8FB}"
EndProject
Project("{2150E333-8FDC-42A3-9474-1A3956D46DE8}") = "WebApps", "WebApps", "{AAEC9241-9E2D-4C72-A853-4C3C7CD5FEF8}"
EndProject
Project("{FAE04EC0-301F-11D3-BF4B-00C04F79EFBC}") = "Common.Logging", "src\BuildingBlocks\Common.Logging\Common.Logging.csproj", "{6CD89636-25F2-40EC-B300-D5BE393C6140}"
EndProject
Project("{FAE04EC0-301F-11D3-BF4B-00C04F79EFBC}") = "EventBus.Messages", "src\BuildingBlocks\EventBus.Messages\EventBus.Messages.csproj", "{8F617534-1E53-42F0-8417-483E4249FBF7}"
EndProject
Project("{2150E333-8FDC-42A3-9474-1A3956D46DE8}") = "Product", "Product", "{787EFB13-9517-41CA-8FFC-785A0A31CD19}"
EndProject
Project("{2150E333-8FDC-42A3-9474-1A3956D46DE8}") = "Customer", "Customer", "{958E6B84-398E-4FEC-9B3A-B7899F2706EA}"
EndProject
Project("{2150E333-8FDC-42A3-9474-1A3956D46DE8}") = "Basket", "Basket", "{10CC152E-06B4-42F7-AEDA-0D7AC8C172CF}"
EndProject
Project("{2150E333-8FDC-42A3-9474-1A3956D46DE8}") = "Inventory", "Inventory", "{677DA543-2F05-48D9-8EC1-D9AA8974590D}"
EndProject
Project("{2150E333-8FDC-42A3-9474-1A3956D46DE8}") = "Ordering", "Ordering", "{5DD560F3-59AC-4B3E-A7CD-E2412B40BADE}"
EndProject
Project("{2150E333-8FDC-42A3-9474-1A3956D46DE8}") = "ScheduledJob", "ScheduledJob", "{640D1721-5D2D-40DB-95DC-C762D8288EC7}"
EndProject
Project("{FAE04EC0-301F-11D3-BF4B-00C04F79EFBC}") = "WebHealthStatus", "src\WebApps\WebHealthStatus\WebHealthStatus.csproj", "{3D7FBF5A-A7E3-4114-A13E-029961ABDD42}"
EndProject
Project("{FAE04EC0-301F-11D3-BF4B-00C04F79EFBC}") = "Basket.API", "src\Services\Basket.API\Basket.API.csproj", "{B8DE3A5F-CD7E-437E-BF03-BFA82C3DDF62}"
EndProject
Project("{FAE04EC0-301F-11D3-BF4B-00C04F79EFBC}") = "Customer.API", "src\Services\Customer.API\Customer.API.csproj", "{EF38FF35-B28C-4D86-AD99-8EE38D1569EF}"
EndProject
Project("{FAE04EC0-301F-11D3-BF4B-00C04F79EFBC}") = "Inventory.Product.API", "src\Services\Inventory.Product.API\Inventory.Product.API.csproj", "{7A39F3AF-4754-4D28-ACB8-15F52CDE4A58}"
EndProject
Project("{FAE04EC0-301F-11D3-BF4B-00C04F79EFBC}") = "Ordering.API", "src\Services\Ordering.API\Ordering.API.csproj", "{4B81E771-8C7A-42E5-9A73-D03BCB108368}"
EndProject
Project("{FAE04EC0-301F-11D3-BF4B-00C04F79EFBC}") = "Product.API", "src\Services\Product.API\Product.API.csproj", "{5644407F-14D5-412F-9A87-E8001DAEA8E1}"
EndProject
Project("{FAE04EC0-301F-11D3-BF4B-00C04F79EFBC}") = "Hangfire.API", "src\Services\Hangfire.API\Hangfire.API.csproj", "{628E30A3-CDFC-4CDD-8B14-2C5B5C2B7BC5}"
EndProject
Project("{FAE04EC0-301F-11D3-BF4B-00C04F79EFBC}") = "Contracts", "src\BuildingBlocks\Contracts\Contracts.csproj", "{4440890F-A435-469E-B2AC-CA7F7ED93A4C}"
EndProject
Project("{FAE04EC0-301F-11D3-BF4B-00C04F79EFBC}") = "Infrastructure", "src\BuildingBlocks\Infrastructure\Infrastructure.csproj", "{28CD0A8B-2BB8-4217-B25C-BC0028334554}"
EndProject
Project("{FAE04EC0-301F-11D3-BF4B-00C04F79EFBC}") = "Shared", "src\BuildingBlocks\Shared\Shared.csproj", "{0662A24B-EB72-46E3-9972-F98BC289775F}"
EndProject
Project("{FAE04EC0-301F-11D3-BF4B-00C04F79EFBC}") = "OcelotApiGw", "src\ApiGateways\OcelotApiGw\OcelotApiGw.csproj", "{FC634DDF-2A67-49DE-94C6-6EAD43509BD9}"
EndProject
Global
	GlobalSection(SolutionConfigurationPlatforms) = preSolution
		Debug|Any CPU = Debug|Any CPU
		Release|Any CPU = Release|Any CPU
	EndGlobalSection
	GlobalSection(ProjectConfigurationPlatforms) = postSolution
		{6CD89636-25F2-40EC-B300-D5BE393C6140}.Debug|Any CPU.ActiveCfg = Debug|Any CPU
		{6CD89636-25F2-40EC-B300-D5BE393C6140}.Debug|Any CPU.Build.0 = Debug|Any CPU
		{6CD89636-25F2-40EC-B300-D5BE393C6140}.Release|Any CPU.ActiveCfg = Release|Any CPU
		{6CD89636-25F2-40EC-B300-D5BE393C6140}.Release|Any CPU.Build.0 = Release|Any CPU
		{8F617534-1E53-42F0-8417-483E4249FBF7}.Debug|Any CPU.ActiveCfg = Debug|Any CPU
		{8F617534-1E53-42F0-8417-483E4249FBF7}.Debug|Any CPU.Build.0 = Debug|Any CPU
		{8F617534-1E53-42F0-8417-483E4249FBF7}.Release|Any CPU.ActiveCfg = Release|Any CPU
		{8F617534-1E53-42F0-8417-483E4249FBF7}.Release|Any CPU.Build.0 = Release|Any CPU
		{3D7FBF5A-A7E3-4114-A13E-029961ABDD42}.Debug|Any CPU.ActiveCfg = Debug|Any CPU
		{3D7FBF5A-A7E3-4114-A13E-029961ABDD42}.Debug|Any CPU.Build.0 = Debug|Any CPU
		{3D7FBF5A-A7E3-4114-A13E-029961ABDD42}.Release|Any CPU.ActiveCfg = Release|Any CPU
		{3D7FBF5A-A7E3-4114-A13E-029961ABDD42}.Release|Any CPU.Build.0 = Release|Any CPU
		{B8DE3A5F-CD7E-437E-BF03-BFA82C3DDF62}.Debug|Any CPU.ActiveCfg = Debug|Any CPU
		{B8DE3A5F-CD7E-437E-BF03-BFA82C3DDF62}.Debug|Any CPU.Build.0 = Debug|Any CPU
		{B8DE3A5F-CD7E-437E-BF03-BFA82C3DDF62}.Release|Any CPU.ActiveCfg = Release|Any CPU
		{B8DE3A5F-CD7E-437E-BF03-BFA82C3DDF62}.Release|Any CPU.Build.0 = Release|Any CPU
		{EF38FF35-B28C-4D86-AD99-8EE38D1569EF}.Debug|Any CPU.ActiveCfg = Debug|Any CPU
		{EF38FF35-B28C-4D86-AD99-8EE38D1569EF}.Debug|Any CPU.Build.0 = Debug|Any CPU
		{EF38FF35-B28C-4D86-AD99-8EE38D1569EF}.Release|Any CPU.ActiveCfg = Release|Any CPU
		{EF38FF35-B28C-4D86-AD99-8EE38D1569EF}.Release|Any CPU.Build.0 = Release|Any CPU
		{7A39F3AF-4754-4D28-ACB8-15F52CDE4A58}.Debug|Any CPU.ActiveCfg = Debug|Any CPU
		{7A39F3AF-4754-4D28-ACB8-15F52CDE4A58}.Debug|Any CPU.Build.0 = Debug|Any CPU
		{7A39F3AF-4754-4D28-ACB8-15F52CDE4A58}.Release|Any CPU.ActiveCfg = Release|Any CPU
		{7A39F3AF-4754-4D28-ACB8-15F52CDE4A58}.Release|Any CPU.Build.0 = Release|Any CPU
		{4B81E771-8C7A-42E5-9A73-D03BCB108368}.Debug|Any CPU.ActiveCfg = Debug|Any CPU
		{4B81E771-8C7A-42E5-9A73-D03BCB108368}.Debug|Any CPU.Build.0 = Debug|Any CPU
		{4B81E771-8C7A-42E5-9A73-D03BCB108368}.Release|Any CPU.ActiveCfg = Release|Any CPU
		{4B81E771-8C7A-42E5-9A73-D03BCB108368}.Release|Any CPU.Build.0 = Release|Any CPU
		{5644407F-14D5-412F-9A87-E8001DAEA8E1}.Debug|Any CPU.ActiveCfg = Debug|Any CPU
		{5644407F-14D5-412F-9A87-E8001DAEA8E1}.Debug|Any CPU.Build.0 = Debug|Any CPU
		{5644407F-14D5-412F-9A87-E8001DAEA8E1}.Release|Any CPU.ActiveCfg = Release|Any CPU
		{5644407F-14D5-412F-9A87-E8001DAEA8E1}.Release|Any CPU.Build.0 = Release|Any CPU
		{628E30A3-CDFC-4CDD-8B14-2C5B5C2B7BC5}.Debug|Any CPU.ActiveCfg = Debug|Any CPU
		{628E30A3-CDFC-4CDD-8B14-2C5B5C2B7BC5}.Debug|Any CPU.Build.0 = Debug|Any CPU
		{628E30A3-CDFC-4CDD-8B14-2C5B5C2B7BC5}.Release|Any CPU.ActiveCfg = Release|Any CPU
		{628E30A3-CDFC-4CDD-8B14-2C5B5C2B7BC5}.Release|Any CPU.Build.0 = Release|Any CPU
		{4440890F-A435-469E-B2AC-CA7F7ED93A4C}.Debug|Any CPU.ActiveCfg = Debug|Any CPU
		{4440890F-A435-469E-B2AC-CA7F7ED93A4C}.Debug|Any CPU.Build.0 = Debug|Any CPU
		{4440890F-A435-469E-B2AC-CA7F7ED93A4C}.Release|Any CPU.ActiveCfg = Release|Any CPU
		{4440890F-A435-469E-B2AC-CA7F7ED93A4C}.Release|Any CPU.Build.0 = Release|Any CPU
		{28CD0A8B-2BB8-4217-B25C-BC0028334554}.Debug|Any CPU.ActiveCfg = Debug|Any CPU
		{28CD0A8B-2BB8-4217-B25C-BC0028334554}.Debug|Any CPU.Build.0 = Debug|Any CPU
		{28CD0A8B-2BB8-4217-B25C-BC0028334554}.Release|Any CPU.ActiveCfg = Release|Any CPU
		{28CD0A8B-2BB8-4217-B25C-BC0028334554}.Release|Any CPU.Build.0 = Release|Any CPU
		{0662A24B-EB72-46E3-9972-F98BC289775F}.Debug|Any CPU.ActiveCfg = Debug|Any CPU
		{0662A24B-EB72-46E3-9972-F98BC289775F}.Debug|Any CPU.Build.0 = Debug|Any CPU
		{0662A24B-EB72-46E3-9972-F98BC289775F}.Release|Any CPU.ActiveCfg = Release|Any CPU
		{0662A24B-EB72-46E3-9972-F98BC289775F}.Release|Any CPU.Build.0 = Release|Any CPU
		{FC634DDF-2A67-49DE-94C6-6EAD43509BD9}.Debug|Any CPU.ActiveCfg = Debug|Any CPU
		{FC634DDF-2A67-49DE-94C6-6EAD43509BD9}.Debug|Any CPU.Build.0 = Debug|Any CPU
		{FC634DDF-2A67-49DE-94C6-6EAD43509BD9}.Release|Any CPU.ActiveCfg = Release|Any CPU
		{FC634DDF-2A67-49DE-94C6-6EAD43509BD9}.Release|Any CPU.Build.0 = Release|Any CPU
	EndGlobalSection
	GlobalSection(SolutionProperties) = preSolution
		HideSolutionNode = FALSE
	EndGlobalSection
	GlobalSection(NestedProjects) = preSolution
		{44122EA4-FC44-406E-AAC3-1B24FB9F3826} = {2E9EC632-D552-4BCB-A429-0411CBEF2392}
		{E57BBEE7-174E-471E-B348-54EA40B21641} = {2E9EC632-D552-4BCB-A429-0411CBEF2392}
		{F09F2AA4-4022-4221-A19A-187C16DAA8FB} = {2E9EC632-D552-4BCB-A429-0411CBEF2392}
		{AAEC9241-9E2D-4C72-A853-4C3C7CD5FEF8} = {2E9EC632-D552-4BCB-A429-0411CBEF2392}
		{6CD89636-25F2-40EC-B300-D5BE393C6140} = {E57BBEE7-174E-471E-B348-54EA40B21641}
		{8F617534-1E53-42F0-8417-483E4249FBF7} = {E57BBEE7-174E-471E-B348-54EA40B21641}
		{787EFB13-9517-41CA-8FFC-785A0A31CD19} = {F09F2AA4-4022-4221-A19A-187C16DAA8FB}
		{958E6B84-398E-4FEC-9B3A-B7899F2706EA} = {F09F2AA4-4022-4221-A19A-187C16DAA8FB}
		{10CC152E-06B4-42F7-AEDA-0D7AC8C172CF} = {F09F2AA4-4022-4221-A19A-187C16DAA8FB}
		{677DA543-2F05-48D9-8EC1-D9AA8974590D} = {F09F2AA4-4022-4221-A19A-187C16DAA8FB}
		{5DD560F3-59AC-4B3E-A7CD-E2412B40BADE} = {F09F2AA4-4022-4221-A19A-187C16DAA8FB}
		{640D1721-5D2D-40DB-95DC-C762D8288EC7} = {F09F2AA4-4022-4221-A19A-187C16DAA8FB}
		{3D7FBF5A-A7E3-4114-A13E-029961ABDD42} = {AAEC9241-9E2D-4C72-A853-4C3C7CD5FEF8}
		{B8DE3A5F-CD7E-437E-BF03-BFA82C3DDF62} = {10CC152E-06B4-42F7-AEDA-0D7AC8C172CF}
		{EF38FF35-B28C-4D86-AD99-8EE38D1569EF} = {958E6B84-398E-4FEC-9B3A-B7899F2706EA}
		{7A39F3AF-4754-4D28-ACB8-15F52CDE4A58} = {677DA543-2F05-48D9-8EC1-D9AA8974590D}
		{4B81E771-8C7A-42E5-9A73-D03BCB108368} = {5DD560F3-59AC-4B3E-A7CD-E2412B40BADE}
		{5644407F-14D5-412F-9A87-E8001DAEA8E1} = {787EFB13-9517-41CA-8FFC-785A0A31CD19}
		{628E30A3-CDFC-4CDD-8B14-2C5B5C2B7BC5} = {640D1721-5D2D-40DB-95DC-C762D8288EC7}
		{4440890F-A435-469E-B2AC-CA7F7ED93A4C} = {E57BBEE7-174E-471E-B348-54EA40B21641}
		{28CD0A8B-2BB8-4217-B25C-BC0028334554} = {E57BBEE7-174E-471E-B348-54EA40B21641}
		{0662A24B-EB72-46E3-9972-F98BC289775F} = {E57BBEE7-174E-471E-B348-54EA40B21641}
		{FC634DDF-2A67-49DE-94C6-6EAD43509BD9} = {44122EA4-FC44-406E-AAC3-1B24FB9F3826}
	EndGlobalSection
	GlobalSection(ExtensibilityGlobals) = postSolution
		SolutionGuid = {AAE04CB3-0EDD-4738-BAB4-3F6362195593}
	EndGlobalSection
EndGlobal
